
Microsoft Visual Studio Solution File, Format Version 12.00
# Visual Studio 14
VisualStudioVersion = 14.0.25420.1
MinimumVisualStudioVersion = 10.0.40219.1
Project("{FAE04EC0-301F-11D3-BF4B-00C04F79EFBC}") = "Agl.DevTest.PetOwner", "Agl.DevTest.PetOwner\Agl.DevTest.PetOwner.csproj", "{8825B9E0-364E-4B39-B03E-2A17B5DB0B7E}"
EndProject
Project("{FAE04EC0-301F-11D3-BF4B-00C04F79EFBC}") = "Agl.DevTest.PetOwner.UnitTest", "Agl.DevTest.PetOwner.UnitTest\Agl.DevTest.PetOwner.UnitTest.csproj", "{3F9DDB77-2799-4DDB-BF9D-77044B516B2F}"
EndProject
Global
	GlobalSection(SolutionConfigurationPlatforms) = preSolution
		Debug|Any CPU = Debug|Any CPU
		Release|Any CPU = Release|Any CPU
	EndGlobalSection
	GlobalSection(ProjectConfigurationPlatforms) = postSolution
		{8825B9E0-364E-4B39-B03E-2A17B5DB0B7E}.Debug|Any CPU.ActiveCfg = Debug|Any CPU
		{8825B9E0-364E-4B39-B03E-2A17B5DB0B7E}.Debug|Any CPU.Build.0 = Debug|Any CPU
		{8825B9E0-364E-4B39-B03E-2A17B5DB0B7E}.Release|Any CPU.ActiveCfg = Release|Any CPU
		{8825B9E0-364E-4B39-B03E-2A17B5DB0B7E}.Release|Any CPU.Build.0 = Release|Any CPU
		{3F9DDB77-2799-4DDB-BF9D-77044B516B2F}.Debug|Any CPU.ActiveCfg = Debug|Any CPU
		{3F9DDB77-2799-4DDB-BF9D-77044B516B2F}.Debug|Any CPU.Build.0 = Debug|Any CPU
		{3F9DDB77-2799-4DDB-BF9D-77044B516B2F}.Release|Any CPU.ActiveCfg = Release|Any CPU
		{3F9DDB77-2799-4DDB-BF9D-77044B516B2F}.Release|Any CPU.Build.0 = Release|Any CPU
	EndGlobalSection
	GlobalSection(SolutionProperties) = preSolution
		HideSolutionNode = FALSE
	EndGlobalSection
EndGlobal
